// !$*UTF8*$!
{
	archiveVersion = 1;
	classes = {
	};
	objectVersion = 55;
	objects = {

/* Begin PBXBuildFile section */
		D0129F2128B1FBC8004204F1 /* MainTextField.swift in Sources */ = {isa = PBXBuildFile; fileRef = D0129F2028B1FBC8004204F1 /* MainTextField.swift */; };
		D0129F2428B20039004204F1 /* SearchImageViewController.swift in Sources */ = {isa = PBXBuildFile; fileRef = D0129F2328B20039004204F1 /* SearchImageViewController.swift */; };
		D0129F2628B20046004204F1 /* SearchImageView.swift in Sources */ = {isa = PBXBuildFile; fileRef = D0129F2528B20046004204F1 /* SearchImageView.swift */; };
		D0129F2A28B2186B004204F1 /* UICollectionViewLayout+Extension.swift in Sources */ = {isa = PBXBuildFile; fileRef = D0129F2928B2186B004204F1 /* UICollectionViewLayout+Extension.swift */; };
		D0129F2D28B21C6D004204F1 /* ImageCollectionViewCell.swift in Sources */ = {isa = PBXBuildFile; fileRef = D0129F2C28B21C6D004204F1 /* ImageCollectionViewCell.swift */; };
		D07B5F9D28B1296000385F6A /* AppDelegate.swift in Sources */ = {isa = PBXBuildFile; fileRef = D07B5F9C28B1296000385F6A /* AppDelegate.swift */; };
		D07B5F9F28B1296000385F6A /* SceneDelegate.swift in Sources */ = {isa = PBXBuildFile; fileRef = D07B5F9E28B1296000385F6A /* SceneDelegate.swift */; };
		D07B5FA628B1296100385F6A /* Assets.xcassets in Resources */ = {isa = PBXBuildFile; fileRef = D07B5FA528B1296100385F6A /* Assets.xcassets */; };
		D07B5FA928B1296100385F6A /* LaunchScreen.storyboard in Resources */ = {isa = PBXBuildFile; fileRef = D07B5FA728B1296100385F6A /* LaunchScreen.storyboard */; };
		D07B5FB328B12F5D00385F6A /* DiaryViewController.swift in Sources */ = {isa = PBXBuildFile; fileRef = D07B5FB228B12F5D00385F6A /* DiaryViewController.swift */; };
		D07B5FB728B1302B00385F6A /* BaseViewController.swift in Sources */ = {isa = PBXBuildFile; fileRef = D07B5FB628B1302B00385F6A /* BaseViewController.swift */; };
		D07B5FB928B131BD00385F6A /* BaseView.swift in Sources */ = {isa = PBXBuildFile; fileRef = D07B5FB828B131BD00385F6A /* BaseView.swift */; };
		D07B5FBC28B134E300385F6A /* SnapKit in Frameworks */ = {isa = PBXBuildFile; productRef = D07B5FBB28B134E300385F6A /* SnapKit */; };
		D07B5FBF28B134FC00385F6A /* Kingfisher in Frameworks */ = {isa = PBXBuildFile; productRef = D07B5FBE28B134FC00385F6A /* Kingfisher */; };
		D07B5FC228B1350700385F6A /* Alamofire in Frameworks */ = {isa = PBXBuildFile; productRef = D07B5FC128B1350700385F6A /* Alamofire */; };
		D07B5FC528B1351300385F6A /* SwiftyJSON in Frameworks */ = {isa = PBXBuildFile; productRef = D07B5FC428B1351300385F6A /* SwiftyJSON */; };
		D07B5FCA28B135C800385F6A /* .gitignore in Resources */ = {isa = PBXBuildFile; fileRef = D07B5FC928B135C800385F6A /* .gitignore */; };
		D07B5FCC28B1360800385F6A /* APIKeys.swift in Sources */ = {isa = PBXBuildFile; fileRef = D07B5FCB28B1360800385F6A /* APIKeys.swift */; };
		D07B5FCF28B138A600385F6A /* DiaryView.swift in Sources */ = {isa = PBXBuildFile; fileRef = D07B5FCE28B138A600385F6A /* DiaryView.swift */; };
		D07B5FD228B1400100385F6A /* TextFieldEffects in Frameworks */ = {isa = PBXBuildFile; productRef = D07B5FD128B1400100385F6A /* TextFieldEffects */; };
/* End PBXBuildFile section */

/* Begin PBXFileReference section */
		D0129F2028B1FBC8004204F1 /* MainTextField.swift */ = {isa = PBXFileReference; lastKnownFileType = sourcecode.swift; path = MainTextField.swift; sourceTree = "<group>"; };
		D0129F2328B20039004204F1 /* SearchImageViewController.swift */ = {isa = PBXFileReference; lastKnownFileType = sourcecode.swift; path = SearchImageViewController.swift; sourceTree = "<group>"; };
		D0129F2528B20046004204F1 /* SearchImageView.swift */ = {isa = PBXFileReference; lastKnownFileType = sourcecode.swift; path = SearchImageView.swift; sourceTree = "<group>"; };
		D0129F2928B2186B004204F1 /* UICollectionViewLayout+Extension.swift */ = {isa = PBXFileReference; lastKnownFileType = sourcecode.swift; path = "UICollectionViewLayout+Extension.swift"; sourceTree = "<group>"; };
		D0129F2C28B21C6D004204F1 /* ImageCollectionViewCell.swift */ = {isa = PBXFileReference; lastKnownFileType = sourcecode.swift; path = ImageCollectionViewCell.swift; sourceTree = "<group>"; };
		D07B5F9928B1296000385F6A /* SeSacDiary.app */ = {isa = PBXFileReference; explicitFileType = wrapper.application; includeInIndex = 0; path = SeSacDiary.app; sourceTree = BUILT_PRODUCTS_DIR; };
		D07B5F9C28B1296000385F6A /* AppDelegate.swift */ = {isa = PBXFileReference; lastKnownFileType = sourcecode.swift; path = AppDelegate.swift; sourceTree = "<group>"; };
		D07B5F9E28B1296000385F6A /* SceneDelegate.swift */ = {isa = PBXFileReference; lastKnownFileType = sourcecode.swift; path = SceneDelegate.swift; sourceTree = "<group>"; };
		D07B5FA528B1296100385F6A /* Assets.xcassets */ = {isa = PBXFileReference; lastKnownFileType = folder.assetcatalog; path = Assets.xcassets; sourceTree = "<group>"; };
		D07B5FA828B1296100385F6A /* Base */ = {isa = PBXFileReference; lastKnownFileType = file.storyboard; name = Base; path = Base.lproj/LaunchScreen.storyboard; sourceTree = "<group>"; };
		D07B5FAA28B1296100385F6A /* Info.plist */ = {isa = PBXFileReference; lastKnownFileType = text.plist.xml; path = Info.plist; sourceTree = "<group>"; };
		D07B5FB228B12F5D00385F6A /* DiaryViewController.swift */ = {isa = PBXFileReference; lastKnownFileType = sourcecode.swift; path = DiaryViewController.swift; sourceTree = "<group>"; };
		D07B5FB628B1302B00385F6A /* BaseViewController.swift */ = {isa = PBXFileReference; lastKnownFileType = sourcecode.swift; path = BaseViewController.swift; sourceTree = "<group>"; };
		D07B5FB828B131BD00385F6A /* BaseView.swift */ = {isa = PBXFileReference; lastKnownFileType = sourcecode.swift; path = BaseView.swift; sourceTree = "<group>"; };
		D07B5FC928B135C800385F6A /* .gitignore */ = {isa = PBXFileReference; lastKnownFileType = text; path = .gitignore; sourceTree = "<group>"; };
		D07B5FCB28B1360800385F6A /* APIKeys.swift */ = {isa = PBXFileReference; lastKnownFileType = sourcecode.swift; path = APIKeys.swift; sourceTree = "<group>"; };
		D07B5FCE28B138A600385F6A /* DiaryView.swift */ = {isa = PBXFileReference; lastKnownFileType = sourcecode.swift; path = DiaryView.swift; sourceTree = "<group>"; };
/* End PBXFileReference section */

/* Begin PBXFrameworksBuildPhase section */
		D07B5F9628B1296000385F6A /* Frameworks */ = {
			isa = PBXFrameworksBuildPhase;
			buildActionMask = 2147483647;
			files = (
				D07B5FC228B1350700385F6A /* Alamofire in Frameworks */,
				D07B5FBF28B134FC00385F6A /* Kingfisher in Frameworks */,
				D07B5FC528B1351300385F6A /* SwiftyJSON in Frameworks */,
				D07B5FBC28B134E300385F6A /* SnapKit in Frameworks */,
				D07B5FD228B1400100385F6A /* TextFieldEffects in Frameworks */,
			);
			runOnlyForDeploymentPostprocessing = 0;
		};
/* End PBXFrameworksBuildPhase section */

/* Begin PBXGroup section */
		D0129F1E28B1FBAA004204F1 /* Base */ = {
			isa = PBXGroup;
			children = (
				D07B5FB628B1302B00385F6A /* BaseViewController.swift */,
				D07B5FB828B131BD00385F6A /* BaseView.swift */,
			);
			path = Base;
			sourceTree = "<group>";
		};
		D0129F1F28B1FBB2004204F1 /* CustomClass */ = {
			isa = PBXGroup;
			children = (
				D0129F2028B1FBC8004204F1 /* MainTextField.swift */,
			);
			path = CustomClass;
			sourceTree = "<group>";
		};
		D0129F2228B20014004204F1 /* SearchImage */ = {
			isa = PBXGroup;
			children = (
				D0129F2328B20039004204F1 /* SearchImageViewController.swift */,
				D0129F2528B20046004204F1 /* SearchImageView.swift */,
				D0129F2C28B21C6D004204F1 /* ImageCollectionViewCell.swift */,
			);
			path = SearchImage;
			sourceTree = "<group>";
		};
		D0129F2828B21860004204F1 /* Extension */ = {
			isa = PBXGroup;
			children = (
				D0129F2928B2186B004204F1 /* UICollectionViewLayout+Extension.swift */,
			);
			path = Extension;
			sourceTree = "<group>";
		};
		D0129F2B28B21C1A004204F1 /* Model-Manager */ = {
			isa = PBXGroup;
			children = (
			);
			path = "Model-Manager";
			sourceTree = "<group>";
		};
		D07B5F9028B1296000385F6A = {
			isa = PBXGroup;
			children = (
				D07B5FC928B135C800385F6A /* .gitignore */,
				D07B5F9B28B1296000385F6A /* SeSacDiary */,
				D07B5F9A28B1296000385F6A /* Products */,
			);
			sourceTree = "<group>";
		};
		D07B5F9A28B1296000385F6A /* Products */ = {
			isa = PBXGroup;
			children = (
				D07B5F9928B1296000385F6A /* SeSacDiary.app */,
			);
			name = Products;
			sourceTree = "<group>";
		};
		D07B5F9B28B1296000385F6A /* SeSacDiary */ = {
			isa = PBXGroup;
			children = (
				D0129F2828B21860004204F1 /* Extension */,
				D07B5FB528B1300200385F6A /* Utility */,
				D07B5FB028B1296C00385F6A /* App */,
				D07B5FB128B12BEC00385F6A /* ViewControllers */,
				D0129F2B28B21C1A004204F1 /* Model-Manager */,
				D07B5FA528B1296100385F6A /* Assets.xcassets */,
				D07B5FA728B1296100385F6A /* LaunchScreen.storyboard */,
				D07B5FAA28B1296100385F6A /* Info.plist */,
				D07B5FCB28B1360800385F6A /* APIKeys.swift */,
			);
			path = SeSacDiary;
			sourceTree = "<group>";
		};
		D07B5FB028B1296C00385F6A /* App */ = {
			isa = PBXGroup;
			children = (
				D07B5F9C28B1296000385F6A /* AppDelegate.swift */,
				D07B5F9E28B1296000385F6A /* SceneDelegate.swift */,
			);
			path = App;
			sourceTree = "<group>";
		};
		D07B5FB128B12BEC00385F6A /* ViewControllers */ = {
			isa = PBXGroup;
			children = (
				D07B5FCD28B1389D00385F6A /* Diary */,
				D0129F2228B20014004204F1 /* SearchImage */,
			);
			path = ViewControllers;
			sourceTree = "<group>";
		};
		D07B5FB528B1300200385F6A /* Utility */ = {
			isa = PBXGroup;
			children = (
				D0129F1E28B1FBAA004204F1 /* Base */,
				D0129F1F28B1FBB2004204F1 /* CustomClass */,
			);
			path = Utility;
			sourceTree = "<group>";
		};
		D07B5FCD28B1389D00385F6A /* Diary */ = {
			isa = PBXGroup;
			children = (
				D07B5FB228B12F5D00385F6A /* DiaryViewController.swift */,
				D07B5FCE28B138A600385F6A /* DiaryView.swift */,
			);
			path = Diary;
			sourceTree = "<group>";
		};
/* End PBXGroup section */

/* Begin PBXNativeTarget section */
		D07B5F9828B1296000385F6A /* SeSacDiary */ = {
			isa = PBXNativeTarget;
			buildConfigurationList = D07B5FAD28B1296100385F6A /* Build configuration list for PBXNativeTarget "SeSacDiary" */;
			buildPhases = (
				D07B5F9528B1296000385F6A /* Sources */,
				D07B5F9628B1296000385F6A /* Frameworks */,
				D07B5F9728B1296000385F6A /* Resources */,
			);
			buildRules = (
			);
			dependencies = (
			);
			name = SeSacDiary;
			packageProductDependencies = (
				D07B5FBB28B134E300385F6A /* SnapKit */,
				D07B5FBE28B134FC00385F6A /* Kingfisher */,
				D07B5FC128B1350700385F6A /* Alamofire */,
				D07B5FC428B1351300385F6A /* SwiftyJSON */,
				D07B5FD128B1400100385F6A /* TextFieldEffects */,
			);
			productName = SeSacDiary;
			productReference = D07B5F9928B1296000385F6A /* SeSacDiary.app */;
			productType = "com.apple.product-type.application";
		};
/* End PBXNativeTarget section */

/* Begin PBXProject section */
		D07B5F9128B1296000385F6A /* Project object */ = {
			isa = PBXProject;
			attributes = {
				BuildIndependentTargetsInParallel = 1;
				LastSwiftUpdateCheck = 1340;
				LastUpgradeCheck = 1340;
				TargetAttributes = {
					D07B5F9828B1296000385F6A = {
						CreatedOnToolsVersion = 13.4.1;
					};
				};
			};
			buildConfigurationList = D07B5F9428B1296000385F6A /* Build configuration list for PBXProject "SeSacDiary" */;
			compatibilityVersion = "Xcode 13.0";
			developmentRegion = en;
			hasScannedForEncodings = 0;
			knownRegions = (
				en,
				Base,
			);
			mainGroup = D07B5F9028B1296000385F6A;
			packageReferences = (
				D07B5FBA28B134E300385F6A /* XCRemoteSwiftPackageReference "SnapKit" */,
				D07B5FBD28B134FC00385F6A /* XCRemoteSwiftPackageReference "Kingfisher" */,
				D07B5FC028B1350700385F6A /* XCRemoteSwiftPackageReference "Alamofire" */,
				D07B5FC328B1351300385F6A /* XCRemoteSwiftPackageReference "SwiftyJSON" */,
				D07B5FD028B1400100385F6A /* XCRemoteSwiftPackageReference "TextFieldEffects" */,
			);
			productRefGroup = D07B5F9A28B1296000385F6A /* Products */;
			projectDirPath = "";
			projectRoot = "";
			targets = (
				D07B5F9828B1296000385F6A /* SeSacDiary */,
			);
		};
/* End PBXProject section */

/* Begin PBXResourcesBuildPhase section */
		D07B5F9728B1296000385F6A /* Resources */ = {
			isa = PBXResourcesBuildPhase;
			buildActionMask = 2147483647;
			files = (
				D07B5FA928B1296100385F6A /* LaunchScreen.storyboard in Resources */,
				D07B5FCA28B135C800385F6A /* .gitignore in Resources */,
				D07B5FA628B1296100385F6A /* Assets.xcassets in Resources */,
			);
			runOnlyForDeploymentPostprocessing = 0;
		};
/* End PBXResourcesBuildPhase section */

/* Begin PBXSourcesBuildPhase section */
		D07B5F9528B1296000385F6A /* Sources */ = {
			isa = PBXSourcesBuildPhase;
			buildActionMask = 2147483647;
			files = (
				D07B5FCC28B1360800385F6A /* APIKeys.swift in Sources */,
				D0129F2A28B2186B004204F1 /* UICollectionViewLayout+Extension.swift in Sources */,
				D0129F2428B20039004204F1 /* SearchImageViewController.swift in Sources */,
				D07B5F9D28B1296000385F6A /* AppDelegate.swift in Sources */,
				D07B5FB728B1302B00385F6A /* BaseViewController.swift in Sources */,
				D07B5FCF28B138A600385F6A /* DiaryView.swift in Sources */,
				D0129F2D28B21C6D004204F1 /* ImageCollectionViewCell.swift in Sources */,
				D0129F2128B1FBC8004204F1 /* MainTextField.swift in Sources */,
				D07B5FB928B131BD00385F6A /* BaseView.swift in Sources */,
				D0129F2628B20046004204F1 /* SearchImageView.swift in Sources */,
				D07B5FB328B12F5D00385F6A /* DiaryViewController.swift in Sources */,
				D07B5F9F28B1296000385F6A /* SceneDelegate.swift in Sources */,
			);
			runOnlyForDeploymentPostprocessing = 0;
		};
/* End PBXSourcesBuildPhase section */

/* Begin PBXVariantGroup section */
		D07B5FA728B1296100385F6A /* LaunchScreen.storyboard */ = {
			isa = PBXVariantGroup;
			children = (
				D07B5FA828B1296100385F6A /* Base */,
			);
			name = LaunchScreen.storyboard;
			sourceTree = "<group>";
		};
/* End PBXVariantGroup section */

/* Begin XCBuildConfiguration section */
		D07B5FAB28B1296100385F6A /* Debug */ = {
			isa = XCBuildConfiguration;
			buildSettings = {
				ALWAYS_SEARCH_USER_PATHS = NO;
				CLANG_ANALYZER_NONNULL = YES;
				CLANG_ANALYZER_NUMBER_OBJECT_CONVERSION = YES_AGGRESSIVE;
				CLANG_CXX_LANGUAGE_STANDARD = "gnu++17";
				CLANG_ENABLE_MODULES = YES;
				CLANG_ENABLE_OBJC_ARC = YES;
				CLANG_ENABLE_OBJC_WEAK = YES;
				CLANG_WARN_BLOCK_CAPTURE_AUTORELEASING = YES;
				CLANG_WARN_BOOL_CONVERSION = YES;
				CLANG_WARN_COMMA = YES;
				CLANG_WARN_CONSTANT_CONVERSION = YES;
				CLANG_WARN_DEPRECATED_OBJC_IMPLEMENTATIONS = YES;
				CLANG_WARN_DIRECT_OBJC_ISA_USAGE = YES_ERROR;
				CLANG_WARN_DOCUMENTATION_COMMENTS = YES;
				CLANG_WARN_EMPTY_BODY = YES;
				CLANG_WARN_ENUM_CONVERSION = YES;
				CLANG_WARN_INFINITE_RECURSION = YES;
				CLANG_WARN_INT_CONVERSION = YES;
				CLANG_WARN_NON_LITERAL_NULL_CONVERSION = YES;
				CLANG_WARN_OBJC_IMPLICIT_RETAIN_SELF = YES;
				CLANG_WARN_OBJC_LITERAL_CONVERSION = YES;
				CLANG_WARN_OBJC_ROOT_CLASS = YES_ERROR;
				CLANG_WARN_QUOTED_INCLUDE_IN_FRAMEWORK_HEADER = YES;
				CLANG_WARN_RANGE_LOOP_ANALYSIS = YES;
				CLANG_WARN_STRICT_PROTOTYPES = YES;
				CLANG_WARN_SUSPICIOUS_MOVE = YES;
				CLANG_WARN_UNGUARDED_AVAILABILITY = YES_AGGRESSIVE;
				CLANG_WARN_UNREACHABLE_CODE = YES;
				CLANG_WARN__DUPLICATE_METHOD_MATCH = YES;
				COPY_PHASE_STRIP = NO;
				DEBUG_INFORMATION_FORMAT = dwarf;
				ENABLE_STRICT_OBJC_MSGSEND = YES;
				ENABLE_TESTABILITY = YES;
				GCC_C_LANGUAGE_STANDARD = gnu11;
				GCC_DYNAMIC_NO_PIC = NO;
				GCC_NO_COMMON_BLOCKS = YES;
				GCC_OPTIMIZATION_LEVEL = 0;
				GCC_PREPROCESSOR_DEFINITIONS = (
					"DEBUG=1",
					"$(inherited)",
				);
				GCC_WARN_64_TO_32_BIT_CONVERSION = YES;
				GCC_WARN_ABOUT_RETURN_TYPE = YES_ERROR;
				GCC_WARN_UNDECLARED_SELECTOR = YES;
				GCC_WARN_UNINITIALIZED_AUTOS = YES_AGGRESSIVE;
				GCC_WARN_UNUSED_FUNCTION = YES;
				GCC_WARN_UNUSED_VARIABLE = YES;
				IPHONEOS_DEPLOYMENT_TARGET = 15.5;
				MTL_ENABLE_DEBUG_INFO = INCLUDE_SOURCE;
				MTL_FAST_MATH = YES;
				ONLY_ACTIVE_ARCH = YES;
				SDKROOT = iphoneos;
				SWIFT_ACTIVE_COMPILATION_CONDITIONS = DEBUG;
				SWIFT_OPTIMIZATION_LEVEL = "-Onone";
			};
			name = Debug;
		};
		D07B5FAC28B1296100385F6A /* Release */ = {
			isa = XCBuildConfiguration;
			buildSettings = {
				ALWAYS_SEARCH_USER_PATHS = NO;
				CLANG_ANALYZER_NONNULL = YES;
				CLANG_ANALYZER_NUMBER_OBJECT_CONVERSION = YES_AGGRESSIVE;
				CLANG_CXX_LANGUAGE_STANDARD = "gnu++17";
				CLANG_ENABLE_MODULES = YES;
				CLANG_ENABLE_OBJC_ARC = YES;
				CLANG_ENABLE_OBJC_WEAK = YES;
				CLANG_WARN_BLOCK_CAPTURE_AUTORELEASING = YES;
				CLANG_WARN_BOOL_CONVERSION = YES;
				CLANG_WARN_COMMA = YES;
				CLANG_WARN_CONSTANT_CONVERSION = YES;
				CLANG_WARN_DEPRECATED_OBJC_IMPLEMENTATIONS = YES;
				CLANG_WARN_DIRECT_OBJC_ISA_USAGE = YES_ERROR;
				CLANG_WARN_DOCUMENTATION_COMMENTS = YES;
				CLANG_WARN_EMPTY_BODY = YES;
				CLANG_WARN_ENUM_CONVERSION = YES;
				CLANG_WARN_INFINITE_RECURSION = YES;
				CLANG_WARN_INT_CONVERSION = YES;
				CLANG_WARN_NON_LITERAL_NULL_CONVERSION = YES;
				CLANG_WARN_OBJC_IMPLICIT_RETAIN_SELF = YES;
				CLANG_WARN_OBJC_LITERAL_CONVERSION = YES;
				CLANG_WARN_OBJC_ROOT_CLASS = YES_ERROR;
				CLANG_WARN_QUOTED_INCLUDE_IN_FRAMEWORK_HEADER = YES;
				CLANG_WARN_RANGE_LOOP_ANALYSIS = YES;
				CLANG_WARN_STRICT_PROTOTYPES = YES;
				CLANG_WARN_SUSPICIOUS_MOVE = YES;
				CLANG_WARN_UNGUARDED_AVAILABILITY = YES_AGGRESSIVE;
				CLANG_WARN_UNREACHABLE_CODE = YES;
				CLANG_WARN__DUPLICATE_METHOD_MATCH = YES;
				COPY_PHASE_STRIP = NO;
				DEBUG_INFORMATION_FORMAT = "dwarf-with-dsym";
				ENABLE_NS_ASSERTIONS = NO;
				ENABLE_STRICT_OBJC_MSGSEND = YES;
				GCC_C_LANGUAGE_STANDARD = gnu11;
				GCC_NO_COMMON_BLOCKS = YES;
				GCC_WARN_64_TO_32_BIT_CONVERSION = YES;
				GCC_WARN_ABOUT_RETURN_TYPE = YES_ERROR;
				GCC_WARN_UNDECLARED_SELECTOR = YES;
				GCC_WARN_UNINITIALIZED_AUTOS = YES_AGGRESSIVE;
				GCC_WARN_UNUSED_FUNCTION = YES;
				GCC_WARN_UNUSED_VARIABLE = YES;
				IPHONEOS_DEPLOYMENT_TARGET = 15.5;
				MTL_ENABLE_DEBUG_INFO = NO;
				MTL_FAST_MATH = YES;
				SDKROOT = iphoneos;
				SWIFT_COMPILATION_MODE = wholemodule;
				SWIFT_OPTIMIZATION_LEVEL = "-O";
				VALIDATE_PRODUCT = YES;
			};
			name = Release;
		};
		D07B5FAE28B1296100385F6A /* Debug */ = {
			isa = XCBuildConfiguration;
			buildSettings = {
				ASSETCATALOG_COMPILER_APPICON_NAME = AppIcon;
				ASSETCATALOG_COMPILER_GLOBAL_ACCENT_COLOR_NAME = AccentColor;
				CODE_SIGN_STYLE = Automatic;
				CURRENT_PROJECT_VERSION = 1;
				DEVELOPMENT_TEAM = PW2RLJT734;
				GENERATE_INFOPLIST_FILE = YES;
				INFOPLIST_FILE = SeSacDiary/Info.plist;
				INFOPLIST_KEY_UIApplicationSupportsIndirectInputEvents = YES;
				INFOPLIST_KEY_UILaunchStoryboardName = LaunchScreen;
				INFOPLIST_KEY_UISupportedInterfaceOrientations_iPad = "UIInterfaceOrientationPortrait UIInterfaceOrientationPortraitUpsideDown UIInterfaceOrientationLandscapeLeft UIInterfaceOrientationLandscapeRight";
				INFOPLIST_KEY_UISupportedInterfaceOrientations_iPhone = "UIInterfaceOrientationPortrait UIInterfaceOrientationLandscapeLeft UIInterfaceOrientationLandscapeRight";
				IPHONEOS_DEPLOYMENT_TARGET = 15.0;
				LD_RUNPATH_SEARCH_PATHS = (
					"$(inherited)",
					"@executable_path/Frameworks",
				);
				MARKETING_VERSION = 1.0;
				PRODUCT_BUNDLE_IDENTIFIER = com.DongHee.SeSacDiary;
				PRODUCT_NAME = "$(TARGET_NAME)";
				SWIFT_EMIT_LOC_STRINGS = YES;
				SWIFT_VERSION = 5.0;
				TARGETED_DEVICE_FAMILY = 1;
			};
			name = Debug;
		};
		D07B5FAF28B1296100385F6A /* Release */ = {
			isa = XCBuildConfiguration;
			buildSettings = {
				ASSETCATALOG_COMPILER_APPICON_NAME = AppIcon;
				ASSETCATALOG_COMPILER_GLOBAL_ACCENT_COLOR_NAME = AccentColor;
				CODE_SIGN_STYLE = Automatic;
				CURRENT_PROJECT_VERSION = 1;
				DEVELOPMENT_TEAM = PW2RLJT734;
				GENERATE_INFOPLIST_FILE = YES;
				INFOPLIST_FILE = SeSacDiary/Info.plist;
				INFOPLIST_KEY_UIApplicationSupportsIndirectInputEvents = YES;
				INFOPLIST_KEY_UILaunchStoryboardName = LaunchScreen;
				INFOPLIST_KEY_UISupportedInterfaceOrientations_iPad = "UIInterfaceOrientationPortrait UIInterfaceOrientationPortraitUpsideDown UIInterfaceOrientationLandscapeLeft UIInterfaceOrientationLandscapeRight";
				INFOPLIST_KEY_UISupportedInterfaceOrientations_iPhone = "UIInterfaceOrientationPortrait UIInterfaceOrientationLandscapeLeft UIInterfaceOrientationLandscapeRight";
				IPHONEOS_DEPLOYMENT_TARGET = 15.0;
				LD_RUNPATH_SEARCH_PATHS = (
					"$(inherited)",
					"@executable_path/Frameworks",
				);
				MARKETING_VERSION = 1.0;
				PRODUCT_BUNDLE_IDENTIFIER = com.DongHee.SeSacDiary;
				PRODUCT_NAME = "$(TARGET_NAME)";
				SWIFT_EMIT_LOC_STRINGS = YES;
				SWIFT_VERSION = 5.0;
				TARGETED_DEVICE_FAMILY = 1;
			};
			name = Release;
		};
/* End XCBuildConfiguration section */

/* Begin XCConfigurationList section */
		D07B5F9428B1296000385F6A /* Build configuration list for PBXProject "SeSacDiary" */ = {
			isa = XCConfigurationList;
			buildConfigurations = (
				D07B5FAB28B1296100385F6A /* Debug */,
				D07B5FAC28B1296100385F6A /* Release */,
			);
			defaultConfigurationIsVisible = 0;
			defaultConfigurationName = Release;
		};
		D07B5FAD28B1296100385F6A /* Build configuration list for PBXNativeTarget "SeSacDiary" */ = {
			isa = XCConfigurationList;
			buildConfigurations = (
				D07B5FAE28B1296100385F6A /* Debug */,
				D07B5FAF28B1296100385F6A /* Release */,
			);
			defaultConfigurationIsVisible = 0;
			defaultConfigurationName = Release;
		};
/* End XCConfigurationList section */

/* Begin XCRemoteSwiftPackageReference section */
		D07B5FBA28B134E300385F6A /* XCRemoteSwiftPackageReference "SnapKit" */ = {
			isa = XCRemoteSwiftPackageReference;
			repositoryURL = "https://github.com/SnapKit/SnapKit.git";
			requirement = {
				branch = develop;
				kind = branch;
			};
		};
		D07B5FBD28B134FC00385F6A /* XCRemoteSwiftPackageReference "Kingfisher" */ = {
			isa = XCRemoteSwiftPackageReference;
			repositoryURL = "https://github.com/onevcat/Kingfisher.git";
			requirement = {
				kind = upToNextMajorVersion;
				minimumVersion = 7.0.0;
			};
		};
		D07B5FC028B1350700385F6A /* XCRemoteSwiftPackageReference "Alamofire" */ = {
			isa = XCRemoteSwiftPackageReference;
			repositoryURL = "http://github.com/Alamofire/Alamofire";
			requirement = {
				branch = master;
				kind = branch;
			};
		};
		D07B5FC328B1351300385F6A /* XCRemoteSwiftPackageReference "SwiftyJSON" */ = {
			isa = XCRemoteSwiftPackageReference;
			repositoryURL = "https://github.com/SwiftyJSON/SwiftyJSON.git";
			requirement = {
				branch = master;
				kind = branch;
			};
		};
		D07B5FD028B1400100385F6A /* XCRemoteSwiftPackageReference "TextFieldEffects" */ = {
			isa = XCRemoteSwiftPackageReference;
			repositoryURL = "https://github.com/raulriera/TextFieldEffects.git";
			requirement = {
				branch = master;
				kind = branch;
			};
		};
/* End XCRemoteSwiftPackageReference section */

/* Begin XCSwiftPackageProductDependency section */
		D07B5FBB28B134E300385F6A /* SnapKit */ = {
			isa = XCSwiftPackageProductDependency;
			package = D07B5FBA28B134E300385F6A /* XCRemoteSwiftPackageReference "SnapKit" */;
			productName = SnapKit;
		};
		D07B5FBE28B134FC00385F6A /* Kingfisher */ = {
			isa = XCSwiftPackageProductDependency;
			package = D07B5FBD28B134FC00385F6A /* XCRemoteSwiftPackageReference "Kingfisher" */;
			productName = Kingfisher;
		};
		D07B5FC128B1350700385F6A /* Alamofire */ = {
			isa = XCSwiftPackageProductDependency;
			package = D07B5FC028B1350700385F6A /* XCRemoteSwiftPackageReference "Alamofire" */;
			productName = Alamofire;
		};
		D07B5FC428B1351300385F6A /* SwiftyJSON */ = {
			isa = XCSwiftPackageProductDependency;
			package = D07B5FC328B1351300385F6A /* XCRemoteSwiftPackageReference "SwiftyJSON" */;
			productName = SwiftyJSON;
		};
		D07B5FD128B1400100385F6A /* TextFieldEffects */ = {
			isa = XCSwiftPackageProductDependency;
			package = D07B5FD028B1400100385F6A /* XCRemoteSwiftPackageReference "TextFieldEffects" */;
			productName = TextFieldEffects;
		};
/* End XCSwiftPackageProductDependency section */
	};
	rootObject = D07B5F9128B1296000385F6A /* Project object */;
}
